<?xml version="1.0" encoding="utf-8"?>
<Project ToolsVersion="4.0" xmlns="http://schemas.microsoft.com/developer/msbuild/2003">
  <ItemGroup>
    <ClCompile Include="Application.cpp">
      <Filter>Source</Filter>
    </ClCompile>
    <ClCompile Include="EngineLog.cpp">
      <Filter>Source</Filter>
    </ClCompile>
    <ClCompile Include="Main.cpp">
      <Filter>Source</Filter>
    </ClCompile>
    <ClCompile Include="..\External\ImGui\imgui.cpp">
      <Filter>External\ImGui</Filter>
    </ClCompile>
    <ClCompile Include="..\External\ImGui\imgui_demo.cpp">
      <Filter>External\ImGui</Filter>
    </ClCompile>
    <ClCompile Include="..\External\ImGui\imgui_draw.cpp">
      <Filter>External\ImGui</Filter>
    </ClCompile>
    <ClCompile Include="..\External\ImGui\imgui_impl_opengl3.cpp">
      <Filter>External\ImGui</Filter>
    </ClCompile>
    <ClCompile Include="..\External\ImGui\imgui_impl_sdl.cpp">
      <Filter>External\ImGui</Filter>
    </ClCompile>
    <ClCompile Include="..\External\ImGui\imgui_tables.cpp">
      <Filter>External\ImGui</Filter>
    </ClCompile>
    <ClCompile Include="..\External\ImGui\imgui_widgets.cpp">
      <Filter>External\ImGui</Filter>
    </ClCompile>
    <ClCompile Include="..\External\MathGeoLib\Include\Algorithm\GJK.cpp">
      <Filter>External\MathGeoLib\Algorithm</Filter>
    </ClCompile>
    <ClCompile Include="..\External\MathGeoLib\Include\Algorithm\GJK2D.cpp">
      <Filter>External\MathGeoLib\Algorithm</Filter>
    </ClCompile>
    <ClCompile Include="..\External\MathGeoLib\Include\Algorithm\SAT.cpp">
      <Filter>External\MathGeoLib\Algorithm</Filter>
    </ClCompile>
    <ClCompile Include="..\External\MathGeoLib\Include\Algorithm\Random\LCG.cpp">
      <Filter>External\MathGeoLib\Algorithm\Random</Filter>
    </ClCompile>
    <ClCompile Include="..\External\MathGeoLib\Include\Geometry\AABB.cpp">
      <Filter>External\MathGeoLib\Geometry</Filter>
    </ClCompile>
    <ClCompile Include="..\External\MathGeoLib\Include\Geometry\Capsule.cpp">
      <Filter>External\MathGeoLib\Geometry</Filter>
    </ClCompile>
    <ClCompile Include="..\External\MathGeoLib\Include\Geometry\Circle.cpp">
      <Filter>External\MathGeoLib\Geometry</Filter>
    </ClCompile>
    <ClCompile Include="..\External\MathGeoLib\Include\Geometry\Circle2D.cpp">
      <Filter>External\MathGeoLib\Geometry</Filter>
    </ClCompile>
    <ClCompile Include="..\External\MathGeoLib\Include\Geometry\Frustum.cpp">
      <Filter>External\MathGeoLib\Geometry</Filter>
    </ClCompile>
    <ClCompile Include="..\External\MathGeoLib\Include\Geometry\Line.cpp">
      <Filter>External\MathGeoLib\Geometry</Filter>
    </ClCompile>
    <ClCompile Include="..\External\MathGeoLib\Include\Geometry\LineSegment.cpp">
      <Filter>External\MathGeoLib\Geometry</Filter>
    </ClCompile>
    <ClCompile Include="..\External\MathGeoLib\Include\Geometry\LineSegment2D.cpp">
      <Filter>External\MathGeoLib\Geometry</Filter>
    </ClCompile>
    <ClCompile Include="..\External\MathGeoLib\Include\Geometry\OBB.cpp">
      <Filter>External\MathGeoLib\Geometry</Filter>
    </ClCompile>
    <ClCompile Include="..\External\MathGeoLib\Include\Geometry\PBVolume.cpp">
      <Filter>External\MathGeoLib\Geometry</Filter>
    </ClCompile>
    <ClCompile Include="..\External\MathGeoLib\Include\Geometry\Plane.cpp">
      <Filter>External\MathGeoLib\Geometry</Filter>
    </ClCompile>
    <ClCompile Include="..\External\MathGeoLib\Include\Geometry\Polygon.cpp">
      <Filter>External\MathGeoLib\Geometry</Filter>
    </ClCompile>
    <ClCompile Include="..\External\MathGeoLib\Include\Geometry\Polyhedron.cpp">
      <Filter>External\MathGeoLib\Geometry</Filter>
    </ClCompile>
    <ClCompile Include="..\External\MathGeoLib\Include\Geometry\Ray.cpp">
      <Filter>External\MathGeoLib\Geometry</Filter>
    </ClCompile>
    <ClCompile Include="..\External\MathGeoLib\Include\Geometry\Sphere.cpp">
      <Filter>External\MathGeoLib\Geometry</Filter>
    </ClCompile>
    <ClCompile Include="..\External\MathGeoLib\Include\Geometry\Triangle.cpp">
      <Filter>External\MathGeoLib\Geometry</Filter>
    </ClCompile>
    <ClCompile Include="..\External\MathGeoLib\Include\Geometry\Triangle2D.cpp">
      <Filter>External\MathGeoLib\Geometry</Filter>
    </ClCompile>
    <ClCompile Include="..\External\MathGeoLib\Include\Geometry\TriangleMesh.cpp">
      <Filter>External\MathGeoLib\Geometry</Filter>
    </ClCompile>
    <ClCompile Include="..\External\MathGeoLib\Include\Math\BitOps.cpp">
      <Filter>External\MathGeoLib\Math</Filter>
    </ClCompile>
    <ClCompile Include="..\External\MathGeoLib\Include\Math\Callstack.cpp">
      <Filter>External\MathGeoLib\Math</Filter>
    </ClCompile>
    <ClCompile Include="..\External\MathGeoLib\Include\Math\float2.cpp">
      <Filter>External\MathGeoLib\Math</Filter>
    </ClCompile>
    <ClCompile Include="..\External\MathGeoLib\Include\Math\float3.cpp">
      <Filter>External\MathGeoLib\Math</Filter>
    </ClCompile>
    <ClCompile Include="..\External\MathGeoLib\Include\Math\float3x3.cpp">
      <Filter>External\MathGeoLib\Math</Filter>
    </ClCompile>
    <ClCompile Include="..\External\MathGeoLib\Include\Math\float3x4.cpp">
      <Filter>External\MathGeoLib\Math</Filter>
    </ClCompile>
    <ClCompile Include="..\External\MathGeoLib\Include\Math\float4.cpp">
      <Filter>External\MathGeoLib\Math</Filter>
    </ClCompile>
    <ClCompile Include="..\External\MathGeoLib\Include\Math\float4d.cpp">
      <Filter>External\MathGeoLib\Math</Filter>
    </ClCompile>
    <ClCompile Include="..\External\MathGeoLib\Include\Math\float4x4.cpp">
      <Filter>External\MathGeoLib\Math</Filter>
    </ClCompile>
    <ClCompile Include="..\External\MathGeoLib\Include\Math\grisu3.c">
      <Filter>External\MathGeoLib\Math</Filter>
    </ClCompile>
    <ClCompile Include="..\External\MathGeoLib\Include\Math\grisu3_cpp.cpp">
      <Filter>External\MathGeoLib\Math</Filter>
    </ClCompile>
    <ClCompile Include="..\External\MathGeoLib\Include\Math\MathFunc.cpp">
      <Filter>External\MathGeoLib\Math</Filter>
    </ClCompile>
    <ClCompile Include="..\External\MathGeoLib\Include\Math\MathLog.cpp">
      <Filter>External\MathGeoLib\Math</Filter>
    </ClCompile>
    <ClCompile Include="..\External\MathGeoLib\Include\Math\MathOps.cpp">
      <Filter>External\MathGeoLib\Math</Filter>
    </ClCompile>
    <ClCompile Include="..\External\MathGeoLib\Include\Math\MiniFloat.cpp">
      <Filter>External\MathGeoLib\Math</Filter>
    </ClCompile>
    <ClCompile Include="..\External\MathGeoLib\Include\Math\Polynomial.cpp">
      <Filter>External\MathGeoLib\Math</Filter>
    </ClCompile>
    <ClCompile Include="..\External\MathGeoLib\Include\Math\Quat.cpp">
      <Filter>External\MathGeoLib\Math</Filter>
    </ClCompile>
    <ClCompile Include="..\External\MathGeoLib\Include\Math\SSEMath.cpp">
      <Filter>External\MathGeoLib\Math</Filter>
    </ClCompile>
    <ClCompile Include="..\External\MathGeoLib\Include\Math\TransformOps.cpp">
      <Filter>External\MathGeoLib\Math</Filter>
    </ClCompile>
    <ClCompile Include="..\External\MathGeoLib\Include\Time\Clock.cpp">
      <Filter>External\MathGeoLib\Time</Filter>
    </ClCompile>
    <ClCompile Include="DataModels\Timer\Timer.cpp">
      <Filter>Source\DataModels\Timer</Filter>
    </ClCompile>
    <ClCompile Include="DataModels\3DModels\Mesh.cpp">
      <Filter>Source\DataModels\3DModels</Filter>
    </ClCompile>
    <ClCompile Include="DataModels\3DModels\Model.cpp">
      <Filter>Source\DataModels\3DModels</Filter>
    </ClCompile>
    <ClCompile Include="DataModels\Components\Component.cpp">
      <Filter>Source\DataModels\Components</Filter>
    </ClCompile>
    <ClCompile Include="DataModels\GameObject\GameObject.cpp">
      <Filter>Source\DataModels\GameObject</Filter>
    </ClCompile>
    <ClCompile Include="Modules\ModuleDebugDraw.cpp">
      <Filter>Source\Modules</Filter>
    </ClCompile>
    <ClCompile Include="Modules\ModuleEditor.cpp">
      <Filter>Source\Modules</Filter>
    </ClCompile>
    <ClCompile Include="Modules\ModuleEngineCamera.cpp">
      <Filter>Source\Modules</Filter>
    </ClCompile>
    <ClCompile Include="Modules\ModuleInput.cpp">
      <Filter>Source\Modules</Filter>
    </ClCompile>
    <ClCompile Include="Modules\ModuleProgram.cpp">
      <Filter>Source\Modules</Filter>
    </ClCompile>
    <ClCompile Include="Modules\ModuleRender.cpp">
      <Filter>Source\Modules</Filter>
    </ClCompile>
    <ClCompile Include="Modules\ModuleScene.cpp">
      <Filter>Source\Modules</Filter>
    </ClCompile>
    <ClCompile Include="Modules\ModuleTexture.cpp">
      <Filter>Source\Modules</Filter>
    </ClCompile>
    <ClCompile Include="Modules\ModuleWindow.cpp">
      <Filter>Source\Modules</Filter>
    </ClCompile>
    <ClCompile Include="DataModels\Windows\WindowMainMenu.cpp">
      <Filter>Source\DataModels\Windows</Filter>
    </ClCompile>
    <ClCompile Include="DataModels\Windows\SubWindows\SubWindow.cpp">
      <Filter>Source\DataModels\Windows\SubWindows</Filter>
    </ClCompile>
    <ClCompile Include="DataModels\Windows\SubWindows\WindowRenderer.cpp">
      <Filter>Source\DataModels\Windows\SubWindows</Filter>
    </ClCompile>
    <ClCompile Include="DataModels\Windows\EditorWindows\EditorWindow.cpp">
      <Filter>Source\DataModels\Windows\EditorWindows</Filter>
    </ClCompile>
    <ClCompile Include="DataModels\Windows\EditorWindows\WindowAbout.cpp">
      <Filter>Source\DataModels\Windows\EditorWindows</Filter>
    </ClCompile>
    <ClCompile Include="DataModels\Windows\EditorWindows\WindowConfiguration.cpp">
      <Filter>Source\DataModels\Windows\EditorWindows</Filter>
    </ClCompile>
    <ClCompile Include="DataModels\Windows\EditorWindows\WindowConsole.cpp">
      <Filter>Source\DataModels\Windows\EditorWindows</Filter>
    </ClCompile>
    <ClCompile Include="DataModels\Windows\EditorWindows\WindowScene.cpp">
      <Filter>Source\DataModels\Windows\EditorWindows</Filter>
    </ClCompile>
    <ClCompile Include="DataModels\Windows\SubWindows\WindowFPS.cpp">
      <Filter>Source\DataModels\Windows\SubWindows</Filter>
    </ClCompile>
    <ClCompile Include="DataModels\Windows\SubWindows\WindowHardware.cpp">
      <Filter>Source\DataModels\Windows\SubWindows</Filter>
    </ClCompile>
    <ClCompile Include="DataModels\Windows\SubWindows\WindowWindow.cpp">
      <Filter>Source\DataModels\Windows\SubWindows</Filter>
    </ClCompile>
    <ClCompile Include="DataModels\Windows\SubWindows\WindowCamera.cpp">
      <Filter>Source\DataModels\Windows\SubWindows</Filter>
    </ClCompile>
    <ClCompile Include="DataModels\Windows\SubWindows\WindowFrustum.cpp">
      <Filter>Source\DataModels\Windows\SubWindows</Filter>
    </ClCompile>
    <ClCompile Include="DataModels\Windows\EditorWindows\WindowProperties.cpp">
      <Filter>Source\DataModels\Windows\EditorWindows</Filter>
    </ClCompile>
    <ClCompile Include="DataModels\Windows\EditorWindows\WindowHierarchy.cpp">
      <Filter>Source\DataModels\Windows\EditorWindows</Filter>
    </ClCompile>
    <ClCompile Include="DataModels\Components\ComponentTransform.cpp">
      <Filter>Source\DataModels\Components</Filter>
    </ClCompile>
    <ClCompile Include="DataModels\Components\ComponentMesh.cpp">
      <Filter>Source\DataModels\Components</Filter>
    </ClCompile>
    <ClCompile Include="DataModels\Components\ComponentMaterial.cpp">
      <Filter>Source\DataModels\Components</Filter>
    </ClCompile>
    <ClCompile Include="FileSystem\ModuleFileSystem.cpp">
      <Filter>Source\FileSystem</Filter>
    </ClCompile>
    <ClCompile Include="FileSystem\Importers\MeshImporter.cpp">
      <Filter>Source\FileSystem\Importers</Filter>
    </ClCompile>
    <ClCompile Include="DataModels\Components\ComponentDirLight.cpp">
      <Filter>Source\DataModels\Components</Filter>
    </ClCompile>
    <ClCompile Include="DataModels\Components\ComponentLight.cpp">
      <Filter>Source\DataModels\Components</Filter>
    </ClCompile>
    <ClCompile Include="DataModels\Components\ComponentPointLight.cpp">
      <Filter>Source\DataModels\Components</Filter>
    </ClCompile>
    <ClCompile Include="DataModels\Components\ComponentSpotLight.cpp">
      <Filter>Source\DataModels\Components</Filter>
    </ClCompile>
    <ClCompile Include="Quadtree.cpp">
      <Filter>Source</Filter>
    </ClCompile>
    <ClCompile Include="Skybox.cpp">
      <Filter>Source\DataModels\Resources</Filter>
    </ClCompile>
  </ItemGroup>
  <ItemGroup>
    <ClInclude Include="Application.h">
      <Filter>Source</Filter>
    </ClInclude>
    <ClInclude Include="debug_draw.hpp">
      <Filter>Source</Filter>
    </ClInclude>
    <ClInclude Include="debugdraw.h">
      <Filter>Source</Filter>
    </ClInclude>
    <ClInclude Include="EngineLog.h">
      <Filter>Source</Filter>
    </ClInclude>
    <ClInclude Include="Globals.h">
      <Filter>Source</Filter>
    </ClInclude>
    <ClInclude Include="..\External\ImGui\imconfig.h">
      <Filter>External\ImGui</Filter>
    </ClInclude>
    <ClInclude Include="..\External\ImGui\imgui.h">
      <Filter>External\ImGui</Filter>
    </ClInclude>
    <ClInclude Include="..\External\ImGui\imgui_impl_opengl3.h">
      <Filter>External\ImGui</Filter>
    </ClInclude>
    <ClInclude Include="..\External\ImGui\imgui_impl_opengl3_loader.h">
      <Filter>External\ImGui</Filter>
    </ClInclude>
    <ClInclude Include="..\External\ImGui\imgui_impl_sdl.h">
      <Filter>External\ImGui</Filter>
    </ClInclude>
    <ClInclude Include="..\External\ImGui\imgui_internal.h">
      <Filter>External\ImGui</Filter>
    </ClInclude>
    <ClInclude Include="..\External\ImGui\imstb_rectpack.h">
      <Filter>External\ImGui</Filter>
    </ClInclude>
    <ClInclude Include="..\External\ImGui\imstb_textedit.h">
      <Filter>External\ImGui</Filter>
    </ClInclude>
    <ClInclude Include="..\External\ImGui\imstb_truetype.h">
      <Filter>External\ImGui</Filter>
    </ClInclude>
    <ClInclude Include="..\External\MathGeoLib\Include\MathBuildConfig.h">
      <Filter>External\MathGeoLib</Filter>
    </ClInclude>
    <ClInclude Include="..\External\MathGeoLib\Include\MathGeoLib.h">
      <Filter>External\MathGeoLib</Filter>
    </ClInclude>
    <ClInclude Include="..\External\MathGeoLib\Include\MathGeoLibFwd.h">
      <Filter>External\MathGeoLib</Filter>
    </ClInclude>
    <ClInclude Include="..\External\MathGeoLib\Include\Algorithm\GJK.h">
      <Filter>External\MathGeoLib\Algorithm</Filter>
    </ClInclude>
    <ClInclude Include="..\External\MathGeoLib\Include\Algorithm\GJK2D.h">
      <Filter>External\MathGeoLib\Algorithm</Filter>
    </ClInclude>
    <ClInclude Include="..\External\MathGeoLib\Include\Algorithm\SAT.h">
      <Filter>External\MathGeoLib\Algorithm</Filter>
    </ClInclude>
    <ClInclude Include="..\External\MathGeoLib\Include\Algorithm\Random\LCG.h">
      <Filter>External\MathGeoLib\Algorithm\Random</Filter>
    </ClInclude>
    <ClInclude Include="..\External\MathGeoLib\Include\Geometry\AABB.h">
      <Filter>External\MathGeoLib\Geometry</Filter>
    </ClInclude>
    <ClInclude Include="..\External\MathGeoLib\Include\Geometry\AABB2D.h">
      <Filter>External\MathGeoLib\Geometry</Filter>
    </ClInclude>
    <ClInclude Include="..\External\MathGeoLib\Include\Geometry\Capsule.h">
      <Filter>External\MathGeoLib\Geometry</Filter>
    </ClInclude>
    <ClInclude Include="..\External\MathGeoLib\Include\Geometry\Circle.h">
      <Filter>External\MathGeoLib\Geometry</Filter>
    </ClInclude>
    <ClInclude Include="..\External\MathGeoLib\Include\Geometry\Circle2D.h">
      <Filter>External\MathGeoLib\Geometry</Filter>
    </ClInclude>
    <ClInclude Include="..\External\MathGeoLib\Include\Geometry\Frustum.h">
      <Filter>External\MathGeoLib\Geometry</Filter>
    </ClInclude>
    <ClInclude Include="..\External\MathGeoLib\Include\Geometry\GeometryAll.h">
      <Filter>External\MathGeoLib\Geometry</Filter>
    </ClInclude>
    <ClInclude Include="..\External\MathGeoLib\Include\Geometry\GeomType.h">
      <Filter>External\MathGeoLib\Geometry</Filter>
    </ClInclude>
    <ClInclude Include="..\External\MathGeoLib\Include\Geometry\HitInfo.h">
      <Filter>External\MathGeoLib\Geometry</Filter>
    </ClInclude>
    <ClInclude Include="..\External\MathGeoLib\Include\Geometry\KDTree.h">
      <Filter>External\MathGeoLib\Geometry</Filter>
    </ClInclude>
    <ClInclude Include="..\External\MathGeoLib\Include\Geometry\Line.h">
      <Filter>External\MathGeoLib\Geometry</Filter>
    </ClInclude>
    <ClInclude Include="..\External\MathGeoLib\Include\Geometry\LineSegment.h">
      <Filter>External\MathGeoLib\Geometry</Filter>
    </ClInclude>
    <ClInclude Include="..\External\MathGeoLib\Include\Geometry\LineSegment2D.h">
      <Filter>External\MathGeoLib\Geometry</Filter>
    </ClInclude>
    <ClInclude Include="..\External\MathGeoLib\Include\Geometry\OBB.h">
      <Filter>External\MathGeoLib\Geometry</Filter>
    </ClInclude>
    <ClInclude Include="..\External\MathGeoLib\Include\Geometry\OBB2D.h">
      <Filter>External\MathGeoLib\Geometry</Filter>
    </ClInclude>
    <ClInclude Include="..\External\MathGeoLib\Include\Geometry\PBVolume.h">
      <Filter>External\MathGeoLib\Geometry</Filter>
    </ClInclude>
    <ClInclude Include="..\External\MathGeoLib\Include\Geometry\Plane.h">
      <Filter>External\MathGeoLib\Geometry</Filter>
    </ClInclude>
    <ClInclude Include="..\External\MathGeoLib\Include\Geometry\Polygon.h">
      <Filter>External\MathGeoLib\Geometry</Filter>
    </ClInclude>
    <ClInclude Include="..\External\MathGeoLib\Include\Geometry\Polygon2DRef.h">
      <Filter>External\MathGeoLib\Geometry</Filter>
    </ClInclude>
    <ClInclude Include="..\External\MathGeoLib\Include\Geometry\Polyhedron.h">
      <Filter>External\MathGeoLib\Geometry</Filter>
    </ClInclude>
    <ClInclude Include="..\External\MathGeoLib\Include\Geometry\QuadTree.h">
      <Filter>External\MathGeoLib\Geometry</Filter>
    </ClInclude>
    <ClInclude Include="..\External\MathGeoLib\Include\Geometry\Ray.h">
      <Filter>External\MathGeoLib\Geometry</Filter>
    </ClInclude>
    <ClInclude Include="..\External\MathGeoLib\Include\Geometry\Sphere.h">
      <Filter>External\MathGeoLib\Geometry</Filter>
    </ClInclude>
    <ClInclude Include="..\External\MathGeoLib\Include\Geometry\Triangle.h">
      <Filter>External\MathGeoLib\Geometry</Filter>
    </ClInclude>
    <ClInclude Include="..\External\MathGeoLib\Include\Geometry\Triangle2D.h">
      <Filter>External\MathGeoLib\Geometry</Filter>
    </ClInclude>
    <ClInclude Include="..\External\MathGeoLib\Include\Geometry\TriangleMesh.h">
      <Filter>External\MathGeoLib\Geometry</Filter>
    </ClInclude>
    <ClInclude Include="..\External\MathGeoLib\Include\Math\assume.h">
      <Filter>External\MathGeoLib\Math</Filter>
    </ClInclude>
    <ClInclude Include="..\External\MathGeoLib\Include\Math\BitFuncs.h">
      <Filter>External\MathGeoLib\Math</Filter>
    </ClInclude>
    <ClInclude Include="..\External\MathGeoLib\Include\Math\BitOps.h">
      <Filter>External\MathGeoLib\Math</Filter>
    </ClInclude>
    <ClInclude Include="..\External\MathGeoLib\Include\Math\Callstack.h">
      <Filter>External\MathGeoLib\Math</Filter>
    </ClInclude>
    <ClInclude Include="..\External\MathGeoLib\Include\Math\FixedPoint.h">
      <Filter>External\MathGeoLib\Math</Filter>
    </ClInclude>
    <ClInclude Include="..\External\MathGeoLib\Include\Math\float2.h">
      <Filter>External\MathGeoLib\Math</Filter>
    </ClInclude>
    <ClInclude Include="..\External\MathGeoLib\Include\Math\float3.h">
      <Filter>External\MathGeoLib\Math</Filter>
    </ClInclude>
    <ClInclude Include="..\External\MathGeoLib\Include\Math\float3x3.h">
      <Filter>External\MathGeoLib\Math</Filter>
    </ClInclude>
    <ClInclude Include="..\External\MathGeoLib\Include\Math\float3x4.h">
      <Filter>External\MathGeoLib\Math</Filter>
    </ClInclude>
    <ClInclude Include="..\External\MathGeoLib\Include\Math\float4.h">
      <Filter>External\MathGeoLib\Math</Filter>
    </ClInclude>
    <ClInclude Include="..\External\MathGeoLib\Include\Math\float4_neon.h">
      <Filter>External\MathGeoLib\Math</Filter>
    </ClInclude>
    <ClInclude Include="..\External\MathGeoLib\Include\Math\float4_sse.h">
      <Filter>External\MathGeoLib\Math</Filter>
    </ClInclude>
    <ClInclude Include="..\External\MathGeoLib\Include\Math\float4d.h">
      <Filter>External\MathGeoLib\Math</Filter>
    </ClInclude>
    <ClInclude Include="..\External\MathGeoLib\Include\Math\float4x4.h">
      <Filter>External\MathGeoLib\Math</Filter>
    </ClInclude>
    <ClInclude Include="..\External\MathGeoLib\Include\Math\float4x4_neon.h">
      <Filter>External\MathGeoLib\Math</Filter>
    </ClInclude>
    <ClInclude Include="..\External\MathGeoLib\Include\Math\float4x4_sse.h">
      <Filter>External\MathGeoLib\Math</Filter>
    </ClInclude>
    <ClInclude Include="..\External\MathGeoLib\Include\Math\FloatCmp.h">
      <Filter>External\MathGeoLib\Math</Filter>
    </ClInclude>
    <ClInclude Include="..\External\MathGeoLib\Include\Math\grisu3.h">
      <Filter>External\MathGeoLib\Math</Filter>
    </ClInclude>
    <ClInclude Include="..\External\MathGeoLib\Include\Math\InclWindows.h">
      <Filter>External\MathGeoLib\Math</Filter>
    </ClInclude>
    <ClInclude Include="..\External\MathGeoLib\Include\Math\Interpolate.h">
      <Filter>External\MathGeoLib\Math</Filter>
    </ClInclude>
    <ClInclude Include="..\External\MathGeoLib\Include\Math\MathAll.h">
      <Filter>External\MathGeoLib\Math</Filter>
    </ClInclude>
    <ClInclude Include="..\External\MathGeoLib\Include\Math\MathConstants.h">
      <Filter>External\MathGeoLib\Math</Filter>
    </ClInclude>
    <ClInclude Include="..\External\MathGeoLib\Include\Math\MathFunc.h">
      <Filter>External\MathGeoLib\Math</Filter>
    </ClInclude>
    <ClInclude Include="..\External\MathGeoLib\Include\Math\MathLog.h">
      <Filter>External\MathGeoLib\Math</Filter>
    </ClInclude>
    <ClInclude Include="..\External\MathGeoLib\Include\Math\MathNamespace.h">
      <Filter>External\MathGeoLib\Math</Filter>
    </ClInclude>
    <ClInclude Include="..\External\MathGeoLib\Include\Math\MathTypes.h">
      <Filter>External\MathGeoLib\Math</Filter>
    </ClInclude>
    <ClInclude Include="..\External\MathGeoLib\Include\Math\MatrixProxy.h">
      <Filter>External\MathGeoLib\Math</Filter>
    </ClInclude>
    <ClInclude Include="..\External\MathGeoLib\Include\Math\MiniFloat.h">
      <Filter>External\MathGeoLib\Math</Filter>
    </ClInclude>
    <ClInclude Include="..\External\MathGeoLib\Include\Math\MultiLineMacro.h">
      <Filter>External\MathGeoLib\Math</Filter>
    </ClInclude>
    <ClInclude Include="..\External\MathGeoLib\Include\Math\myassert.h">
      <Filter>External\MathGeoLib\Math</Filter>
    </ClInclude>
    <ClInclude Include="..\External\MathGeoLib\Include\Math\Polynomial.h">
      <Filter>External\MathGeoLib\Math</Filter>
    </ClInclude>
    <ClInclude Include="..\External\MathGeoLib\Include\Math\Quat.h">
      <Filter>External\MathGeoLib\Math</Filter>
    </ClInclude>
    <ClInclude Include="..\External\MathGeoLib\Include\Math\quat_simd.h">
      <Filter>External\MathGeoLib\Math</Filter>
    </ClInclude>
    <ClInclude Include="..\External\MathGeoLib\Include\Math\Rect.h">
      <Filter>External\MathGeoLib\Math</Filter>
    </ClInclude>
    <ClInclude Include="..\External\MathGeoLib\Include\Math\Reinterpret.h">
      <Filter>External\MathGeoLib\Math</Filter>
    </ClInclude>
    <ClInclude Include="..\External\MathGeoLib\Include\Math\simd.h">
      <Filter>External\MathGeoLib\Math</Filter>
    </ClInclude>
    <ClInclude Include="..\External\MathGeoLib\Include\Math\sse_mathfun.h">
      <Filter>External\MathGeoLib\Math</Filter>
    </ClInclude>
    <ClInclude Include="..\External\MathGeoLib\Include\Math\SSEMath.h">
      <Filter>External\MathGeoLib\Math</Filter>
    </ClInclude>
    <ClInclude Include="..\External\MathGeoLib\Include\Math\Swap.h">
      <Filter>External\MathGeoLib\Math</Filter>
    </ClInclude>
    <ClInclude Include="..\External\MathGeoLib\Include\Math\TransformOps.h">
      <Filter>External\MathGeoLib\Math</Filter>
    </ClInclude>
    <ClInclude Include="..\External\MathGeoLib\Include\Math\vec2d.h">
      <Filter>External\MathGeoLib\Math</Filter>
    </ClInclude>
    <ClInclude Include="..\External\MathGeoLib\Include\Time\Clock.h">
      <Filter>External\MathGeoLib\Time</Filter>
    </ClInclude>
    <ClInclude Include="DataModels\Timer\Timer.h">
      <Filter>Source\DataModels\Timer</Filter>
    </ClInclude>
    <ClInclude Include="DataModels\3DModels\Mesh.h">
      <Filter>Source\DataModels\3DModels</Filter>
    </ClInclude>
    <ClInclude Include="DataModels\3DModels\Model.h">
      <Filter>Source\DataModels\3DModels</Filter>
    </ClInclude>
    <ClInclude Include="DataModels\Components\Component.h">
      <Filter>Source\DataModels\Components</Filter>
    </ClInclude>
    <ClInclude Include="DataModels\GameObject\GameObject.h">
      <Filter>Source\DataModels\GameObject</Filter>
    </ClInclude>
    <ClInclude Include="Modules\Module.h">
      <Filter>Source\Modules</Filter>
    </ClInclude>
    <ClInclude Include="Modules\ModuleDebugDraw.h">
      <Filter>Source\Modules</Filter>
    </ClInclude>
    <ClInclude Include="Modules\ModuleEditor.h">
      <Filter>Source\Modules</Filter>
    </ClInclude>
    <ClInclude Include="Modules\ModuleEngineCamera.h">
      <Filter>Source\Modules</Filter>
    </ClInclude>
    <ClInclude Include="Modules\ModuleInput.h">
      <Filter>Source\Modules</Filter>
    </ClInclude>
    <ClInclude Include="Modules\ModuleProgram.h">
      <Filter>Source\Modules</Filter>
    </ClInclude>
    <ClInclude Include="Modules\ModuleRender.h">
      <Filter>Source\Modules</Filter>
    </ClInclude>
    <ClInclude Include="Modules\ModuleScene.h">
      <Filter>Source\Modules</Filter>
    </ClInclude>
    <ClInclude Include="Modules\ModuleTexture.h">
      <Filter>Source\Modules</Filter>
    </ClInclude>
    <ClInclude Include="Modules\ModuleWindow.h">
      <Filter>Source\Modules</Filter>
    </ClInclude>
    <ClInclude Include="DataModels\Windows\Window.h">
      <Filter>Source\DataModels\Windows</Filter>
    </ClInclude>
    <ClInclude Include="DataModels\Windows\WindowMainMenu.h">
      <Filter>Source\DataModels\Windows</Filter>
    </ClInclude>
    <ClInclude Include="DataModels\Windows\SubWindows\SubWindow.h">
      <Filter>Source\DataModels\Windows\SubWindows</Filter>
    </ClInclude>
    <ClInclude Include="DataModels\Windows\SubWindows\WindowRenderer.h">
      <Filter>Source\DataModels\Windows\SubWindows</Filter>
    </ClInclude>
    <ClInclude Include="DataModels\Windows\EditorWindows\EditorWindow.h">
      <Filter>Source\DataModels\Windows\EditorWindows</Filter>
    </ClInclude>
    <ClInclude Include="DataModels\Windows\EditorWindows\WindowAbout.h">
      <Filter>Source\DataModels\Windows\EditorWindows</Filter>
    </ClInclude>
    <ClInclude Include="DataModels\Windows\EditorWindows\WindowConfiguration.h">
      <Filter>Source\DataModels\Windows\EditorWindows</Filter>
    </ClInclude>
    <ClInclude Include="DataModels\Windows\EditorWindows\WindowConsole.h">
      <Filter>Source\DataModels\Windows\EditorWindows</Filter>
    </ClInclude>
    <ClInclude Include="DataModels\Windows\EditorWindows\WindowScene.h">
      <Filter>Source\DataModels\Windows\EditorWindows</Filter>
    </ClInclude>
    <ClInclude Include="DataModels\Windows\SubWindows\WindowFPS.h">
      <Filter>Source\DataModels\Windows\SubWindows</Filter>
    </ClInclude>
    <ClInclude Include="DataModels\Windows\SubWindows\WindowHardware.h">
      <Filter>Source\DataModels\Windows\SubWindows</Filter>
    </ClInclude>
    <ClInclude Include="DataModels\Windows\SubWindows\WindowWindow.h">
      <Filter>Source\DataModels\Windows\SubWindows</Filter>
    </ClInclude>
    <ClInclude Include="DataModels\Windows\SubWindows\WindowCamera.h">
      <Filter>Source\DataModels\Windows\SubWindows</Filter>
    </ClInclude>
    <ClInclude Include="DataModels\Windows\SubWindows\WindowFrustum.h">
      <Filter>Source\DataModels\Windows\SubWindows</Filter>
    </ClInclude>
    <ClInclude Include="DataModels\Windows\EditorWindows\WindowProperties.h">
      <Filter>Source\DataModels\Windows\EditorWindows</Filter>
    </ClInclude>
    <ClInclude Include="DataModels\Windows\EditorWindows\WindowHierarchy.h">
      <Filter>Source\DataModels\Windows\EditorWindows</Filter>
    </ClInclude>
    <ClInclude Include="DataModels\Components\ComponentTransform.h">
      <Filter>Source\DataModels\Components</Filter>
    </ClInclude>
    <ClInclude Include="DataModels\Components\ComponentMesh.h">
      <Filter>Source\DataModels\Components</Filter>
    </ClInclude>
    <ClInclude Include="DataModels\Components\ComponentMaterial.h">
      <Filter>Source\DataModels\Components</Filter>
    </ClInclude>
    <ClInclude Include="FileSystem\ModuleFileSystem.h">
      <Filter>Source\FileSystem</Filter>
    </ClInclude>
    <ClInclude Include="FileSystem\Importers\Importer.h">
      <Filter>Source\FileSystem\Importers</Filter>
    </ClInclude>
    <ClInclude Include="FileSystem\Importers\MeshImporter.h">
      <Filter>Source\FileSystem\Importers</Filter>
    </ClInclude>
    <ClInclude Include="FileSystem\Data.h">
      <Filter>Source\FileSystem</Filter>
    </ClInclude>
    <ClInclude Include="DataModels\Components\ComponentDirLight.h">
      <Filter>Source\DataModels\Components</Filter>
    </ClInclude>
    <ClInclude Include="DataModels\Components\ComponentLight.h">
      <Filter>Source\DataModels\Components</Filter>
    </ClInclude>
    <ClInclude Include="DataModels\Components\ComponentPointLight.h">
      <Filter>Source\DataModels\Components</Filter>
    </ClInclude>
    <ClInclude Include="DataModels\Components\ComponentSpotLight.h">
      <Filter>Source\DataModels\Components</Filter>
    </ClInclude>
    <ClInclude Include="Quadtree.h">
      <Filter>Source</Filter>
    </ClInclude>
    <ClInclude Include="Skybox.h">
      <Filter>Source\DataModels\Resources</Filter>
    </ClInclude>
  </ItemGroup>
  <ItemGroup>
    <Filter Include="Source">
      <UniqueIdentifier>{63d396b9-4239-47e8-b629-8ccdfeb9ed44}</UniqueIdentifier>
    </Filter>
    <Filter Include="External">
      <UniqueIdentifier>{c91453bb-e0c9-4c12-a995-0c020d2586ef}</UniqueIdentifier>
    </Filter>
    <Filter Include="External\ImGui">
      <UniqueIdentifier>{54dbcdcc-9ea9-4362-a596-39b1dd4da081}</UniqueIdentifier>
    </Filter>
    <Filter Include="External\MathGeoLib">
      <UniqueIdentifier>{5d6d2ce2-f37e-471c-b590-6128348925ab}</UniqueIdentifier>
    </Filter>
    <Filter Include="External\MathGeoLib\Algorithm">
      <UniqueIdentifier>{768d07c6-eaf2-4191-b734-04c75ca5abf6}</UniqueIdentifier>
    </Filter>
    <Filter Include="External\MathGeoLib\Geometry">
      <UniqueIdentifier>{62cb0c5b-15f9-499f-8c49-792a90b0d2a7}</UniqueIdentifier>
    </Filter>
    <Filter Include="External\MathGeoLib\Math">
      <UniqueIdentifier>{76bf3803-80b4-4a92-8676-efcc00ffc736}</UniqueIdentifier>
    </Filter>
    <Filter Include="External\MathGeoLib\Time">
      <UniqueIdentifier>{bf70a3e3-59fb-46f0-bec3-c42deaed688e}</UniqueIdentifier>
    </Filter>
    <Filter Include="External\MathGeoLib\Algorithm\Random">
      <UniqueIdentifier>{fe175828-1f83-44c7-a6d6-2f60f91d19ba}</UniqueIdentifier>
    </Filter>
    <Filter Include="Source\Modules">
      <UniqueIdentifier>{22c4c800-7a6c-4dc3-aecc-d83b0d315026}</UniqueIdentifier>
    </Filter>
    <Filter Include="Source\DataModels">
      <UniqueIdentifier>{fe9ac5d2-b879-4003-b5ff-417273c34d26}</UniqueIdentifier>
    </Filter>
    <Filter Include="Source\DataModels\Timer">
      <UniqueIdentifier>{f75295bc-065a-440a-aa53-ce3dfcd97940}</UniqueIdentifier>
    </Filter>
    <Filter Include="Source\DataModels\3DModels">
      <UniqueIdentifier>{6abfe724-ef9e-4a78-b1c1-9cc6cbfc6f6c}</UniqueIdentifier>
    </Filter>
    <Filter Include="Source\DataModels\GameObject">
      <UniqueIdentifier>{2c464690-68af-41c3-8707-3a2f09badcd2}</UniqueIdentifier>
    </Filter>
    <Filter Include="Source\DataModels\Components">
      <UniqueIdentifier>{ee0f2f55-34e8-4bf6-916a-dbd0be303a49}</UniqueIdentifier>
    </Filter>
    <Filter Include="Source\DataModels\Windows">
      <UniqueIdentifier>{23da8ec5-edff-4529-813f-9743ebfb0b17}</UniqueIdentifier>
    </Filter>
    <Filter Include="Source\DataModels\Windows\EditorWindows">
      <UniqueIdentifier>{c69f503f-e0be-4222-8b7c-171f46e7b492}</UniqueIdentifier>
    </Filter>
    <Filter Include="Source\DataModels\Windows\SubWindows">
      <UniqueIdentifier>{cea2f6d0-e7a5-48a2-af0e-3f3d3939e443}</UniqueIdentifier>
    </Filter>
    <Filter Include="Source\FileSystem">
      <UniqueIdentifier>{eb59fa81-b246-4fcc-9183-24e5b1ece0ab}</UniqueIdentifier>
    </Filter>
    <Filter Include="Source\FileSystem\Importers">
      <UniqueIdentifier>{273ef68a-81de-45e8-be83-0c756780758e}</UniqueIdentifier>
    </Filter>
    <Filter Include="Source\Enums">
      <UniqueIdentifier>{0e75670f-4efa-4eb9-8114-a78dfd3fed18}</UniqueIdentifier>
    </Filter>
    <Filter Include="Source\DataModels\Resources">
      <UniqueIdentifier>{622e24eb-afbc-4aca-9ee8-83eb0171573a}</UniqueIdentifier>
    </Filter>
  </ItemGroup>
  <ItemGroup>
    <None Include="..\External\MathGeoLib\Include\Geometry\KDTree.inl">
      <Filter>External\MathGeoLib\Geometry</Filter>
    </None>
    <None Include="..\External\MathGeoLib\Include\Geometry\QuadTree.inl">
      <Filter>External\MathGeoLib\Geometry</Filter>
    </None>
    <None Include="..\External\MathGeoLib\Include\Geometry\TriangleMesh_IntersectRay_AVX.inl">
      <Filter>External\MathGeoLib\Geometry</Filter>
    </None>
    <None Include="..\External\MathGeoLib\Include\Geometry\TriangleMesh_IntersectRay_CPP.inl">
      <Filter>External\MathGeoLib\Geometry</Filter>
    </None>
    <None Include="..\External\MathGeoLib\Include\Geometry\TriangleMesh_IntersectRay_SSE.inl">
      <Filter>External\MathGeoLib\Geometry</Filter>
    </None>
    <None Include="..\External\MathGeoLib\Include\Math\float2.inl">
      <Filter>External\MathGeoLib\Math</Filter>
    </None>
    <None Include="..\External\MathGeoLib\Include\Math\Matrix.inl">
      <Filter>External\MathGeoLib\Math</Filter>
    </None>
  </ItemGroup>
</Project>